{
  "version": 4,
  "terraform_version": "1.2.5",
  "serial": 19,
  "lineage": "4014b3d6-ad0d-e586-4b54-e351c766d5f6",
  "outputs": {
    "accepter_account": {
      "value": "472510080448",
      "type": "string"
    },
    "accepter_vpc_arn": {
      "value": "arn:aws:ec2:us-east-1:472510080448:vpc/vpc-25fb4742",
      "type": "string"
    },
    "accepter_vpc_id": {
      "value": "vpc-25fb4742",
      "type": "string"
    },
    "new_vpc_arn": {
      "value": "arn:aws:ec2:us-east-1:655690556973:vpc/vpc-0cff7f9987b57606d",
      "type": "string"
    },
    "new_vpc_id": {
      "value": "vpc-0cff7f9987b57606d",
      "type": "string"
    },
    "vpc_peering_connection_id": {
      "value": "pcx-019e22d685d524dae",
      "type": "string"
    }
  },
  "resources": [
    {
      "mode": "data",
      "type": "aws_vpc",
      "name": "accepter",
      "provider": "provider[\"registry.terraform.io/hashicorp/aws\"].accepter",
      "instances": [
        {
          "schema_version": 0,
          "attributes": {
            "arn": "arn:aws:ec2:us-east-1:472510080448:vpc/vpc-25fb4742",
            "cidr_block": "10.251.0.0/21",
            "cidr_block_associations": [
              {
                "association_id": "vpc-cidr-assoc-7e983f17",
                "cidr_block": "10.251.0.0/21",
                "state": "associated"
              }
            ],
            "default": false,
            "dhcp_options_id": "dopt-01d0bb85c4fd05823",
            "enable_dns_hostnames": false,
            "enable_dns_support": true,
            "enable_network_address_usage_metrics": false,
            "filter": null,
            "id": "vpc-25fb4742",
            "instance_tenancy": "default",
            "ipv6_association_id": "",
            "ipv6_cidr_block": "",
            "main_route_table_id": "rtb-eeedea89",
            "owner_id": "472510080448",
            "state": null,
            "tags": {
              "Name": "Shared Services"
            },
            "timeouts": null
          },
          "sensitive_attributes": []
        }
      ]
    },
    {
      "mode": "managed",
      "type": "aws_vpc_peering_connection",
      "name": "requester",
      "provider": "provider[\"registry.terraform.io/hashicorp/aws\"]",
      "instances": [
        {
          "schema_version": 0,
          "attributes": {
            "accept_status": "pending-acceptance",
            "accepter": [],
            "auto_accept": null,
            "id": "pcx-019e22d685d524dae",
            "peer_owner_id": "472510080448",
            "peer_region": "us-east-1",
            "peer_vpc_id": "vpc-25fb4742",
            "requester": [
              {
                "allow_classic_link_to_remote_vpc": false,
                "allow_remote_vpc_dns_resolution": false,
                "allow_vpc_to_remote_classic_link": false
              }
            ],
            "tags": {
              "Name": "peer_to_shared"
            },
            "tags_all": {
              "Created": "25 Nov 2022",
              "Creator": "Brian Gaber",
              "Environment": "Dev",
              "IAC_Tool": "Terraform",
              "Name": "peer_to_shared",
              "Owner": "Brian Gaber"
            },
            "timeouts": null,
            "vpc_id": "vpc-0cff7f9987b57606d"
          },
          "sensitive_attributes": [],
          "private": "eyJlMmJmYjczMC1lY2FhLTExZTYtOGY4OC0zNDM2M2JjN2M0YzAiOnsiY3JlYXRlIjo2MDAwMDAwMDAwMCwiZGVsZXRlIjo2MDAwMDAwMDAwMCwidXBkYXRlIjo2MDAwMDAwMDAwMH19",
          "dependencies": [
            "data.aws_vpc.accepter",
            "module.vpc.aws_vpc.this"
          ]
        }
      ]
    },
    {
      "module": "module.vpc",
      "mode": "managed",
      "type": "aws_route_table",
      "name": "private",
      "provider": "provider[\"registry.terraform.io/hashicorp/aws\"]",
      "instances": [
        {
          "index_key": 0,
          "schema_version": 0,
          "attributes": {
            "arn": "arn:aws:ec2:us-east-1:655690556973:route-table/rtb-07af04b5b10a34c0a",
            "id": "rtb-07af04b5b10a34c0a",
            "owner_id": "655690556973",
            "propagating_vgws": [],
            "route": [],
            "tags": {
              "Environment": "dev",
              "Name": "brian-vpc-private-us-east-1a",
              "Terraform": "true"
            },
            "tags_all": {
              "Created": "25 Nov 2022",
              "Creator": "Brian Gaber",
              "Environment": "dev",
              "IAC_Tool": "Terraform",
              "Name": "brian-vpc-private-us-east-1a",
              "Owner": "Brian Gaber",
              "Terraform": "true"
            },
            "timeouts": null,
            "vpc_id": "vpc-0cff7f9987b57606d"
          },
          "sensitive_attributes": [],
          "private": "eyJlMmJmYjczMC1lY2FhLTExZTYtOGY4OC0zNDM2M2JjN2M0YzAiOnsiY3JlYXRlIjozMDAwMDAwMDAwMDAsImRlbGV0ZSI6MzAwMDAwMDAwMDAwLCJ1cGRhdGUiOjEyMDAwMDAwMDAwMH19",
          "dependencies": [
            "module.vpc.aws_vpc.this",
            "module.vpc.aws_vpc_ipv4_cidr_block_association.this"
          ]
        },
        {
          "index_key": 1,
          "schema_version": 0,
          "attributes": {
            "arn": "arn:aws:ec2:us-east-1:655690556973:route-table/rtb-032e98ae2e681a23d",
            "id": "rtb-032e98ae2e681a23d",
            "owner_id": "655690556973",
            "propagating_vgws": [],
            "route": [],
            "tags": {
              "Environment": "dev",
              "Name": "brian-vpc-private-us-east-1b",
              "Terraform": "true"
            },
            "tags_all": {
              "Created": "25 Nov 2022",
              "Creator": "Brian Gaber",
              "Environment": "dev",
              "IAC_Tool": "Terraform",
              "Name": "brian-vpc-private-us-east-1b",
              "Owner": "Brian Gaber",
              "Terraform": "true"
            },
            "timeouts": null,
            "vpc_id": "vpc-0cff7f9987b57606d"
          },
          "sensitive_attributes": [],
          "private": "eyJlMmJmYjczMC1lY2FhLTExZTYtOGY4OC0zNDM2M2JjN2M0YzAiOnsiY3JlYXRlIjozMDAwMDAwMDAwMDAsImRlbGV0ZSI6MzAwMDAwMDAwMDAwLCJ1cGRhdGUiOjEyMDAwMDAwMDAwMH19",
          "dependencies": [
            "module.vpc.aws_vpc.this",
            "module.vpc.aws_vpc_ipv4_cidr_block_association.this"
          ]
        }
      ]
    },
    {
      "module": "module.vpc",
      "mode": "managed",
      "type": "aws_route_table",
      "name": "public",
      "provider": "provider[\"registry.terraform.io/hashicorp/aws\"]",
      "instances": [
        {
          "index_key": 0,
          "schema_version": 0,
          "attributes": {
            "arn": "arn:aws:ec2:us-east-1:655690556973:route-table/rtb-0aec861baa0365527",
            "id": "rtb-0aec861baa0365527",
            "owner_id": "655690556973",
            "propagating_vgws": [],
            "route": [],
            "tags": {
              "Environment": "dev",
              "Name": "brian-vpc-public",
              "Terraform": "true"
            },
            "tags_all": {
              "Created": "25 Nov 2022",
              "Creator": "Brian Gaber",
              "Environment": "dev",
              "IAC_Tool": "Terraform",
              "Name": "brian-vpc-public",
              "Owner": "Brian Gaber",
              "Terraform": "true"
            },
            "timeouts": null,
            "vpc_id": "vpc-0cff7f9987b57606d"
          },
          "sensitive_attributes": [],
          "private": "eyJlMmJmYjczMC1lY2FhLTExZTYtOGY4OC0zNDM2M2JjN2M0YzAiOnsiY3JlYXRlIjozMDAwMDAwMDAwMDAsImRlbGV0ZSI6MzAwMDAwMDAwMDAwLCJ1cGRhdGUiOjEyMDAwMDAwMDAwMH19",
          "dependencies": [
            "module.vpc.aws_vpc.this",
            "module.vpc.aws_vpc_ipv4_cidr_block_association.this"
          ]
        }
      ]
    },
    {
      "module": "module.vpc",
      "mode": "managed",
      "type": "aws_route_table_association",
      "name": "private",
      "provider": "provider[\"registry.terraform.io/hashicorp/aws\"]",
      "instances": [
        {
          "index_key": 0,
          "schema_version": 0,
          "attributes": {
            "gateway_id": "",
            "id": "rtbassoc-027dac450b2be6ef3",
            "route_table_id": "rtb-07af04b5b10a34c0a",
            "subnet_id": "subnet-0e3e477b933efbeae"
          },
          "sensitive_attributes": [],
          "private": "bnVsbA==",
          "dependencies": [
            "module.vpc.aws_route_table.private",
            "module.vpc.aws_subnet.private",
            "module.vpc.aws_vpc.this",
            "module.vpc.aws_vpc_ipv4_cidr_block_association.this"
          ]
        },
        {
          "index_key": 1,
          "schema_version": 0,
          "attributes": {
            "gateway_id": "",
            "id": "rtbassoc-0345fdc03306ce53b",
            "route_table_id": "rtb-032e98ae2e681a23d",
            "subnet_id": "subnet-07e412910ba368b8b"
          },
          "sensitive_attributes": [],
          "private": "bnVsbA==",
          "dependencies": [
            "module.vpc.aws_route_table.private",
            "module.vpc.aws_subnet.private",
            "module.vpc.aws_vpc.this",
            "module.vpc.aws_vpc_ipv4_cidr_block_association.this"
          ]
        }
      ]
    },
    {
      "module": "module.vpc",
      "mode": "managed",
      "type": "aws_route_table_association",
      "name": "public",
      "provider": "provider[\"registry.terraform.io/hashicorp/aws\"]",
      "instances": [
        {
          "index_key": 0,
          "schema_version": 0,
          "attributes": {
            "gateway_id": "",
            "id": "rtbassoc-0b93b2ffbb671329e",
            "route_table_id": "rtb-0aec861baa0365527",
            "subnet_id": "subnet-068b3afb7242e2c58"
          },
          "sensitive_attributes": [],
          "private": "bnVsbA==",
          "dependencies": [
            "module.vpc.aws_route_table.public",
            "module.vpc.aws_subnet.public",
            "module.vpc.aws_vpc.this",
            "module.vpc.aws_vpc_ipv4_cidr_block_association.this"
          ]
        },
        {
          "index_key": 1,
          "schema_version": 0,
          "attributes": {
            "gateway_id": "",
            "id": "rtbassoc-09e43d8d2a1cb7410",
            "route_table_id": "rtb-0aec861baa0365527",
            "subnet_id": "subnet-0891ef7aa0a03fab4"
          },
          "sensitive_attributes": [],
          "private": "bnVsbA==",
          "dependencies": [
            "module.vpc.aws_route_table.public",
            "module.vpc.aws_subnet.public",
            "module.vpc.aws_vpc.this",
            "module.vpc.aws_vpc_ipv4_cidr_block_association.this"
          ]
        }
      ]
    },
    {
      "module": "module.vpc",
      "mode": "managed",
      "type": "aws_subnet",
      "name": "private",
      "provider": "provider[\"registry.terraform.io/hashicorp/aws\"]",
      "instances": [
        {
          "index_key": 0,
          "schema_version": 1,
          "attributes": {
            "arn": "arn:aws:ec2:us-east-1:655690556973:subnet/subnet-0e3e477b933efbeae",
            "assign_ipv6_address_on_creation": false,
            "availability_zone": "us-east-1a",
            "availability_zone_id": "use1-az2",
            "cidr_block": "192.168.131.0/26",
            "customer_owned_ipv4_pool": "",
            "enable_dns64": false,
            "enable_resource_name_dns_a_record_on_launch": false,
            "enable_resource_name_dns_aaaa_record_on_launch": false,
            "id": "subnet-0e3e477b933efbeae",
            "ipv6_cidr_block": "",
            "ipv6_cidr_block_association_id": "",
            "ipv6_native": false,
            "map_customer_owned_ip_on_launch": false,
            "map_public_ip_on_launch": false,
            "outpost_arn": "",
            "owner_id": "655690556973",
            "private_dns_hostname_type_on_launch": "ip-name",
            "tags": {
              "Environment": "dev",
              "Name": "brian-vpc-private-us-east-1a",
              "Terraform": "true"
            },
            "tags_all": {
              "Created": "25 Nov 2022",
              "Creator": "Brian Gaber",
              "Environment": "dev",
              "IAC_Tool": "Terraform",
              "Name": "brian-vpc-private-us-east-1a",
              "Owner": "Brian Gaber",
              "Terraform": "true"
            },
            "timeouts": null,
            "vpc_id": "vpc-0cff7f9987b57606d"
          },
          "sensitive_attributes": [],
          "private": "eyJlMmJmYjczMC1lY2FhLTExZTYtOGY4OC0zNDM2M2JjN2M0YzAiOnsiY3JlYXRlIjo2MDAwMDAwMDAwMDAsImRlbGV0ZSI6MTIwMDAwMDAwMDAwMH0sInNjaGVtYV92ZXJzaW9uIjoiMSJ9",
          "dependencies": [
            "module.vpc.aws_vpc.this",
            "module.vpc.aws_vpc_ipv4_cidr_block_association.this"
          ]
        },
        {
          "index_key": 1,
          "schema_version": 1,
          "attributes": {
            "arn": "arn:aws:ec2:us-east-1:655690556973:subnet/subnet-07e412910ba368b8b",
            "assign_ipv6_address_on_creation": false,
            "availability_zone": "us-east-1b",
            "availability_zone_id": "use1-az4",
            "cidr_block": "192.168.131.64/26",
            "customer_owned_ipv4_pool": "",
            "enable_dns64": false,
            "enable_resource_name_dns_a_record_on_launch": false,
            "enable_resource_name_dns_aaaa_record_on_launch": false,
            "id": "subnet-07e412910ba368b8b",
            "ipv6_cidr_block": "",
            "ipv6_cidr_block_association_id": "",
            "ipv6_native": false,
            "map_customer_owned_ip_on_launch": false,
            "map_public_ip_on_launch": false,
            "outpost_arn": "",
            "owner_id": "655690556973",
            "private_dns_hostname_type_on_launch": "ip-name",
            "tags": {
              "Environment": "dev",
              "Name": "brian-vpc-private-us-east-1b",
              "Terraform": "true"
            },
            "tags_all": {
              "Created": "25 Nov 2022",
              "Creator": "Brian Gaber",
              "Environment": "dev",
              "IAC_Tool": "Terraform",
              "Name": "brian-vpc-private-us-east-1b",
              "Owner": "Brian Gaber",
              "Terraform": "true"
            },
            "timeouts": null,
            "vpc_id": "vpc-0cff7f9987b57606d"
          },
          "sensitive_attributes": [],
          "private": "eyJlMmJmYjczMC1lY2FhLTExZTYtOGY4OC0zNDM2M2JjN2M0YzAiOnsiY3JlYXRlIjo2MDAwMDAwMDAwMDAsImRlbGV0ZSI6MTIwMDAwMDAwMDAwMH0sInNjaGVtYV92ZXJzaW9uIjoiMSJ9",
          "dependencies": [
            "module.vpc.aws_vpc.this",
            "module.vpc.aws_vpc_ipv4_cidr_block_association.this"
          ]
        }
      ]
    },
    {
      "module": "module.vpc",
      "mode": "managed",
      "type": "aws_subnet",
      "name": "public",
      "provider": "provider[\"registry.terraform.io/hashicorp/aws\"]",
      "instances": [
        {
          "index_key": 0,
          "schema_version": 1,
          "attributes": {
            "arn": "arn:aws:ec2:us-east-1:655690556973:subnet/subnet-068b3afb7242e2c58",
            "assign_ipv6_address_on_creation": false,
            "availability_zone": "us-east-1a",
            "availability_zone_id": "use1-az2",
            "cidr_block": "192.168.131.128/26",
            "customer_owned_ipv4_pool": "",
            "enable_dns64": false,
            "enable_resource_name_dns_a_record_on_launch": false,
            "enable_resource_name_dns_aaaa_record_on_launch": false,
            "id": "subnet-068b3afb7242e2c58",
            "ipv6_cidr_block": "",
            "ipv6_cidr_block_association_id": "",
            "ipv6_native": false,
            "map_customer_owned_ip_on_launch": false,
            "map_public_ip_on_launch": true,
            "outpost_arn": "",
            "owner_id": "655690556973",
            "private_dns_hostname_type_on_launch": "ip-name",
            "tags": {
              "Environment": "dev",
              "Name": "brian-vpc-public-us-east-1a",
              "Terraform": "true"
            },
            "tags_all": {
              "Created": "25 Nov 2022",
              "Creator": "Brian Gaber",
              "Environment": "dev",
              "IAC_Tool": "Terraform",
              "Name": "brian-vpc-public-us-east-1a",
              "Owner": "Brian Gaber",
              "Terraform": "true"
            },
            "timeouts": null,
            "vpc_id": "vpc-0cff7f9987b57606d"
          },
          "sensitive_attributes": [],
          "private": "eyJlMmJmYjczMC1lY2FhLTExZTYtOGY4OC0zNDM2M2JjN2M0YzAiOnsiY3JlYXRlIjo2MDAwMDAwMDAwMDAsImRlbGV0ZSI6MTIwMDAwMDAwMDAwMH0sInNjaGVtYV92ZXJzaW9uIjoiMSJ9",
          "dependencies": [
            "module.vpc.aws_vpc.this",
            "module.vpc.aws_vpc_ipv4_cidr_block_association.this"
          ]
        },
        {
          "index_key": 1,
          "schema_version": 1,
          "attributes": {
            "arn": "arn:aws:ec2:us-east-1:655690556973:subnet/subnet-0891ef7aa0a03fab4",
            "assign_ipv6_address_on_creation": false,
            "availability_zone": "us-east-1b",
            "availability_zone_id": "use1-az4",
            "cidr_block": "192.168.131.192/26",
            "customer_owned_ipv4_pool": "",
            "enable_dns64": false,
            "enable_resource_name_dns_a_record_on_launch": false,
            "enable_resource_name_dns_aaaa_record_on_launch": false,
            "id": "subnet-0891ef7aa0a03fab4",
            "ipv6_cidr_block": "",
            "ipv6_cidr_block_association_id": "",
            "ipv6_native": false,
            "map_customer_owned_ip_on_launch": false,
            "map_public_ip_on_launch": true,
            "outpost_arn": "",
            "owner_id": "655690556973",
            "private_dns_hostname_type_on_launch": "ip-name",
            "tags": {
              "Environment": "dev",
              "Name": "brian-vpc-public-us-east-1b",
              "Terraform": "true"
            },
            "tags_all": {
              "Created": "25 Nov 2022",
              "Creator": "Brian Gaber",
              "Environment": "dev",
              "IAC_Tool": "Terraform",
              "Name": "brian-vpc-public-us-east-1b",
              "Owner": "Brian Gaber",
              "Terraform": "true"
            },
            "timeouts": null,
            "vpc_id": "vpc-0cff7f9987b57606d"
          },
          "sensitive_attributes": [],
          "private": "eyJlMmJmYjczMC1lY2FhLTExZTYtOGY4OC0zNDM2M2JjN2M0YzAiOnsiY3JlYXRlIjo2MDAwMDAwMDAwMDAsImRlbGV0ZSI6MTIwMDAwMDAwMDAwMH0sInNjaGVtYV92ZXJzaW9uIjoiMSJ9",
          "dependencies": [
            "module.vpc.aws_vpc.this",
            "module.vpc.aws_vpc_ipv4_cidr_block_association.this"
          ]
        }
      ]
    },
    {
      "module": "module.vpc",
      "mode": "managed",
      "type": "aws_vpc",
      "name": "this",
      "provider": "provider[\"registry.terraform.io/hashicorp/aws\"]",
      "instances": [
        {
          "index_key": 0,
          "schema_version": 1,
          "attributes": {
            "arn": "arn:aws:ec2:us-east-1:655690556973:vpc/vpc-0cff7f9987b57606d",
            "assign_generated_ipv6_cidr_block": false,
            "cidr_block": "192.168.131.0/24",
            "default_network_acl_id": "acl-00976b936b4c78b26",
            "default_route_table_id": "rtb-0e36e344e6cb02457",
            "default_security_group_id": "sg-0e917df7e7dc5e653",
            "dhcp_options_id": "dopt-2cbd7749",
            "enable_classiclink": false,
            "enable_classiclink_dns_support": false,
            "enable_dns_hostnames": true,
            "enable_dns_support": true,
            "enable_network_address_usage_metrics": false,
            "id": "vpc-0cff7f9987b57606d",
            "instance_tenancy": "default",
            "ipv4_ipam_pool_id": null,
            "ipv4_netmask_length": null,
            "ipv6_association_id": "",
            "ipv6_cidr_block": "",
            "ipv6_cidr_block_network_border_group": "",
            "ipv6_ipam_pool_id": "",
            "ipv6_netmask_length": 0,
            "main_route_table_id": "rtb-0e36e344e6cb02457",
            "owner_id": "655690556973",
            "tags": {
              "Environment": "dev",
              "Name": "brian-vpc",
              "Terraform": "true"
            },
            "tags_all": {
              "Created": "25 Nov 2022",
              "Creator": "Brian Gaber",
              "Environment": "dev",
              "IAC_Tool": "Terraform",
              "Name": "brian-vpc",
              "Owner": "Brian Gaber",
              "Terraform": "true"
            }
          },
          "sensitive_attributes": [],
          "private": "eyJzY2hlbWFfdmVyc2lvbiI6IjEifQ=="
        }
      ]
    },
    {
      "module": "module.vpc",
      "mode": "managed",
      "type": "aws_vpc_dhcp_options",
      "name": "this",
      "provider": "provider[\"registry.terraform.io/hashicorp/aws\"]",
      "instances": [
        {
          "index_key": 0,
          "schema_version": 0,
          "attributes": {
            "arn": "arn:aws:ec2:us-east-1:655690556973:dhcp-options/dopt-06992ca7c05838708",
            "domain_name": "",
            "domain_name_servers": [
              "AmazonProvidedDNS"
            ],
            "id": "dopt-06992ca7c05838708",
            "netbios_name_servers": [],
            "netbios_node_type": "",
            "ntp_servers": [],
            "owner_id": "655690556973",
            "tags": {
              "Environment": "dev",
              "Name": "brian-vpc",
              "Terraform": "true"
            },
            "tags_all": {
              "Created": "25 Nov 2022",
              "Creator": "Brian Gaber",
              "Environment": "dev",
              "IAC_Tool": "Terraform",
              "Name": "brian-vpc",
              "Owner": "Brian Gaber",
              "Terraform": "true"
            }
          },
          "sensitive_attributes": [],
          "private": "bnVsbA=="
        }
      ]
    },
    {
      "module": "module.vpc",
      "mode": "managed",
      "type": "aws_vpc_dhcp_options_association",
      "name": "this",
      "provider": "provider[\"registry.terraform.io/hashicorp/aws\"]",
      "instances": [
        {
          "index_key": 0,
          "schema_version": 0,
          "attributes": {
            "dhcp_options_id": "dopt-06992ca7c05838708",
            "id": "dopt-06992ca7c05838708-vpc-0cff7f9987b57606d",
            "vpc_id": "vpc-0cff7f9987b57606d"
          },
          "sensitive_attributes": [],
          "private": "bnVsbA==",
          "dependencies": [
            "module.vpc.aws_vpc.this",
            "module.vpc.aws_vpc_dhcp_options.this",
            "module.vpc.aws_vpc_ipv4_cidr_block_association.this"
          ]
        }
      ]
    },
    {
      "module": "module.vpc",
      "mode": "managed",
      "type": "aws_vpn_gateway",
      "name": "this",
      "provider": "provider[\"registry.terraform.io/hashicorp/aws\"]",
      "instances": [
        {
          "index_key": 0,
          "schema_version": 0,
          "attributes": {
            "amazon_side_asn": "64512",
            "arn": "arn:aws:ec2:us-east-1:655690556973:vpn-gateway/vgw-0f9fae015ee38e240",
            "availability_zone": null,
            "id": "vgw-0f9fae015ee38e240",
            "tags": {
              "Environment": "dev",
              "Name": "brian-vpc",
              "Terraform": "true"
            },
            "tags_all": {
              "Created": "25 Nov 2022",
              "Creator": "Brian Gaber",
              "Environment": "dev",
              "IAC_Tool": "Terraform",
              "Name": "brian-vpc",
              "Owner": "Brian Gaber",
              "Terraform": "true"
            },
            "vpc_id": "vpc-0cff7f9987b57606d"
          },
          "sensitive_attributes": [],
          "private": "bnVsbA==",
          "dependencies": [
            "module.vpc.aws_vpc.this",
            "module.vpc.aws_vpc_ipv4_cidr_block_association.this"
          ]
        }
      ]
    },
    {
      "module": "module.vpc",
      "mode": "managed",
      "type": "aws_vpn_gateway_route_propagation",
      "name": "private",
      "provider": "provider[\"registry.terraform.io/hashicorp/aws\"]",
      "instances": [
        {
          "index_key": 0,
          "schema_version": 0,
          "attributes": {
            "id": "vgw-0f9fae015ee38e240_rtb-07af04b5b10a34c0a",
            "route_table_id": "rtb-07af04b5b10a34c0a",
            "timeouts": null,
            "vpn_gateway_id": "vgw-0f9fae015ee38e240"
          },
          "sensitive_attributes": [],
          "private": "eyJlMmJmYjczMC1lY2FhLTExZTYtOGY4OC0zNDM2M2JjN2M0YzAiOnsiY3JlYXRlIjoxMjAwMDAwMDAwMDAsImRlbGV0ZSI6MTIwMDAwMDAwMDAwfX0=",
          "dependencies": [
            "module.vpc.aws_route_table.private",
            "module.vpc.aws_vpc.this",
            "module.vpc.aws_vpc_ipv4_cidr_block_association.this",
            "module.vpc.aws_vpn_gateway.this",
            "module.vpc.aws_vpn_gateway_attachment.this"
          ]
        },
        {
          "index_key": 1,
          "schema_version": 0,
          "attributes": {
            "id": "vgw-0f9fae015ee38e240_rtb-032e98ae2e681a23d",
            "route_table_id": "rtb-032e98ae2e681a23d",
            "timeouts": null,
            "vpn_gateway_id": "vgw-0f9fae015ee38e240"
          },
          "sensitive_attributes": [],
          "private": "eyJlMmJmYjczMC1lY2FhLTExZTYtOGY4OC0zNDM2M2JjN2M0YzAiOnsiY3JlYXRlIjoxMjAwMDAwMDAwMDAsImRlbGV0ZSI6MTIwMDAwMDAwMDAwfX0=",
          "dependencies": [
            "module.vpc.aws_route_table.private",
            "module.vpc.aws_vpc.this",
            "module.vpc.aws_vpc_ipv4_cidr_block_association.this",
            "module.vpc.aws_vpn_gateway.this",
            "module.vpc.aws_vpn_gateway_attachment.this"
          ]
        }
      ]
    }
  ]
}
