{
  "version": 4,
  "terraform_version": "1.3.7",
  "serial": 4,
  "lineage": "c90d6d24-919e-68d6-de00-2c081b8a70a6",
  "outputs": {
    "new_user_arn": {
      "value": "arn:aws:iam::655690556973:user/bitbucket_pipelines_sb",
      "type": "string"
    },
    "new_user_path": {
      "value": "/",
      "type": "string"
    }
  },
  "resources": [
    {
      "mode": "managed",
      "type": "aws_iam_user",
      "name": "user",
      "provider": "provider[\"registry.terraform.io/hashicorp/aws\"]",
      "instances": [
        {
          "schema_version": 0,
          "attributes": {
            "arn": "arn:aws:iam::655690556973:user/bitbucket_pipelines_sb",
            "force_destroy": false,
            "id": "bitbucket_pipelines_sb",
            "name": "bitbucket_pipelines_sb",
            "path": "/",
            "permissions_boundary": null,
            "tags": {
              "IAC_Tool": "Terraform",
              "Incident": "N/A",
              "Name": "BitBucket Pipelines"
            },
            "tags_all": {
              "Created": "2023-02-16 09:30:00",
              "CreatedBy": "Terraform",
              "Environment": "Sandbox",
              "IAC_Tool": "Terraform",
              "Incident": "N/A",
              "Name": "BitBucket Pipelines",
              "Owner": "Jason Boomer"
            },
            "unique_id": "AIDAZRKRT4YWYI4LV5EKL"
          },
          "sensitive_attributes": [],
          "private": "bnVsbA=="
        }
      ]
    },
    {
      "mode": "managed",
      "type": "aws_iam_user_policy",
      "name": "ecr_ro",
      "provider": "provider[\"registry.terraform.io/hashicorp/aws\"]",
      "instances": [
        {
          "schema_version": 0,
          "attributes": {
            "id": "bitbucket_pipelines_sb:ECR_ReadOnly_Policy",
            "name": "ECR_ReadOnly_Policy",
            "name_prefix": null,
            "policy": "{\"Version\":\"2012-10-17\",\"Statement\":[{\"Action\":[\"ecr:GetRegistryPolicy\",\"ecr:DescribeImageScanFindings\",\"ecr:GetLifecyclePolicyPreview\",\"ecr:GetDownloadUrlForLayer\",\"ecr:DescribeRegistry\",\"ecr:DescribePullThroughCacheRules\",\"ecr:DescribeImageReplicationStatus\",\"ecr:GetAuthorizationToken\",\"ecr:ListTagsForResource\",\"ecr:ListImages\",\"ecr:BatchGetRepositoryScanningConfiguration\",\"ecr:GetRegistryScanningConfiguration\",\"ecr:BatchGetImage\",\"ecr:DescribeImages\",\"ecr:DescribeRepositories\",\"ecr:BatchCheckLayerAvailability\",\"ecr:GetRepositoryPolicy\",\"ecr:GetLifecyclePolicy\"],\"Effect\":\"Allow\",\"Resource\":\"*\"}]}",
            "user": "bitbucket_pipelines_sb"
          },
          "sensitive_attributes": [],
          "private": "bnVsbA==",
          "dependencies": [
            "aws_iam_user.user"
          ]
        }
      ]
    },
    {
      "mode": "managed",
      "type": "aws_iam_user_policy",
      "name": "ecr_wr",
      "provider": "provider[\"registry.terraform.io/hashicorp/aws\"]",
      "instances": [
        {
          "schema_version": 0,
          "attributes": {
            "id": "bitbucket_pipelines_sb:BB_Pipelines_ECR_Write_Policy",
            "name": "BB_Pipelines_ECR_Write_Policy",
            "name_prefix": null,
            "policy": "{\"Version\":\"2012-10-17\",\"Statement\":[{\"Action\":[\"ecr:PutImageTagMutability\",\"ecr:StartImageScan\",\"ecr:PutImageScanningConfiguration\",\"ecr:CompleteLayerUpload\",\"ecr:BatchDeleteImage\",\"ecr:UploadLayerPart\",\"ecr:InitiateLayerUpload\",\"ecr:ReplicateImage\",\"ecr:PutImage\"],\"Effect\":\"Allow\",\"Resource\":\"arn:aws:ecr:us-east-1:472510080448:repository/sre-team/imagebuilder\",\"Sid\":\"EcrAccess\"}]}",
            "user": "bitbucket_pipelines_sb"
          },
          "sensitive_attributes": [],
          "private": "bnVsbA==",
          "dependencies": [
            "aws_iam_user.user"
          ]
        }
      ]
    }
  ],
  "check_results": null
}
