{
  "version": 4,
  "terraform_version": "1.3.7",
  "serial": 24,
  "lineage": "d94d7032-9d1a-4150-7016-85bebb9bfa86",
  "outputs": {
    "db_instance_arn": {
      "value": "arn:aws:rds:us-east-1:995437807815:db:machine-learning-dev123",
      "type": "string"
    },
    "db_instance_endpoint": {
      "value": "machine-learning-dev123.c4tlihebje2o.us-east-1.rds.amazonaws.com:5432",
      "type": "string"
    },
    "db_instance_name": {
      "value": "machine-learning-dev123",
      "type": "string"
    },
    "ml_sg_id": {
      "value": "sg-01e35f03bc5b0fde4",
      "type": "string"
    }
  },
  "resources": [
    {
      "mode": "managed",
      "type": "aws_db_instance",
      "name": "default",
      "provider": "provider[\"registry.terraform.io/hashicorp/aws\"]",
      "instances": [
        {
          "schema_version": 1,
          "attributes": {
            "address": "machine-learning-dev123.c4tlihebje2o.us-east-1.rds.amazonaws.com",
            "allocated_storage": 999,
            "allow_major_version_upgrade": null,
            "apply_immediately": false,
            "arn": "arn:aws:rds:us-east-1:995437807815:db:machine-learning-dev123",
            "auto_minor_version_upgrade": true,
            "availability_zone": "us-east-1c",
            "backup_retention_period": 0,
            "backup_window": "10:10-10:40",
            "blue_green_update": [],
            "ca_cert_identifier": "rds-ca-2019",
            "character_set_name": "",
            "copy_tags_to_snapshot": false,
            "custom_iam_instance_profile": "",
            "customer_owned_ip_enabled": false,
            "db_name": "",
            "db_subnet_group_name": "private dev subnets",
            "delete_automated_backups": true,
            "deletion_protection": false,
            "domain": "",
            "domain_iam_role_name": "",
            "enabled_cloudwatch_logs_exports": [
              "postgresql"
            ],
            "endpoint": "machine-learning-dev123.c4tlihebje2o.us-east-1.rds.amazonaws.com:5432",
            "engine": "postgres",
            "engine_version": "14.3",
            "engine_version_actual": "14.3",
            "final_snapshot_identifier": null,
            "hosted_zone_id": "Z2R2ITUGPM61AM",
            "iam_database_authentication_enabled": false,
            "id": "machine-learning-dev123",
            "identifier": "machine-learning-dev123",
            "identifier_prefix": "",
            "instance_class": "db.t4g.xlarge",
            "iops": 30000,
            "kms_key_id": "arn:aws:kms:us-east-1:995437807815:key/f7f3b72c-2f09-4d0c-b861-b48db799d48c",
            "latest_restorable_time": "",
            "license_model": "postgresql-license",
            "maintenance_window": "wed:04:30-wed:05:00",
            "max_allocated_storage": 0,
            "monitoring_interval": 0,
            "monitoring_role_arn": "",
            "multi_az": true,
            "name": "",
            "nchar_character_set_name": "",
            "network_type": "IPV4",
            "option_group_name": "default:postgres-14",
            "parameter_group_name": "default.postgres14",
            "password": "password123",
            "performance_insights_enabled": true,
            "performance_insights_kms_key_id": "arn:aws:kms:us-east-1:995437807815:key/f7f3b72c-2f09-4d0c-b861-b48db799d48c",
            "performance_insights_retention_period": 7,
            "port": 5432,
            "publicly_accessible": false,
            "replica_mode": "",
            "replicas": [],
            "replicate_source_db": "",
            "resource_id": "db-ST3XZQPUZBQXAAVEWVRGBSBWP4",
            "restore_to_point_in_time": [],
            "s3_import": [],
            "security_group_names": null,
            "skip_final_snapshot": true,
            "snapshot_identifier": null,
            "status": "available",
            "storage_encrypted": true,
            "storage_throughput": 0,
            "storage_type": "io1",
            "tags": {
              "IAC_Tool": "Terraform",
              "Incident": "N/A",
              "Name": "Machine Learning"
            },
            "tags_all": {
              "Created": "2023-02-04 11:30:00",
              "CreatedBy": "Terraform",
              "Environment": "Sandbox",
              "IAC_Tool": "Terraform",
              "Incident": "N/A",
              "Name": "Machine Learning",
              "Owner": "Paul Tams"
            },
            "timeouts": null,
            "timezone": "",
            "username": "padmin",
            "vpc_security_group_ids": [
              "sg-01e35f03bc5b0fde4"
            ]
          },
          "sensitive_attributes": [],
          "private": "eyJlMmJmYjczMC1lY2FhLTExZTYtOGY4OC0zNDM2M2JjN2M0YzAiOnsiY3JlYXRlIjoyNDAwMDAwMDAwMDAwLCJkZWxldGUiOjM2MDAwMDAwMDAwMDAsInVwZGF0ZSI6NDgwMDAwMDAwMDAwMH0sInNjaGVtYV92ZXJzaW9uIjoiMSJ9",
          "dependencies": [
            "aws_db_subnet_group.default",
            "aws_security_group.allow_ml_svrs"
          ]
        }
      ]
    },
    {
      "mode": "managed",
      "type": "aws_db_subnet_group",
      "name": "default",
      "provider": "provider[\"registry.terraform.io/hashicorp/aws\"]",
      "instances": [
        {
          "schema_version": 0,
          "attributes": {
            "arn": "arn:aws:rds:us-east-1:995437807815:subgrp:private dev subnets",
            "description": "Private Dev Subnets",
            "id": "private dev subnets",
            "name": "private dev subnets",
            "name_prefix": "",
            "subnet_ids": [
              "subnet-2a590000",
              "subnet-63696015"
            ],
            "supported_network_types": [
              "IPV4"
            ],
            "tags": {
              "IAC_Tool": "Terraform",
              "Incident": "N/A",
              "Name": "Machine Learning"
            },
            "tags_all": {
              "Created": "2023-02-04 11:30:00",
              "CreatedBy": "Terraform",
              "Environment": "Sandbox",
              "IAC_Tool": "Terraform",
              "Incident": "N/A",
              "Name": "Machine Learning",
              "Owner": "Paul Tams"
            }
          },
          "sensitive_attributes": [],
          "private": "bnVsbA=="
        }
      ]
    },
    {
      "mode": "managed",
      "type": "aws_security_group",
      "name": "allow_ml_svrs",
      "provider": "provider[\"registry.terraform.io/hashicorp/aws\"]",
      "instances": [
        {
          "schema_version": 1,
          "attributes": {
            "arn": "arn:aws:ec2:us-east-1:995437807815:security-group/sg-01e35f03bc5b0fde4",
            "description": "Allow Postgres inbound traffic",
            "egress": [
              {
                "cidr_blocks": [
                  "0.0.0.0/0"
                ],
                "description": "",
                "from_port": 0,
                "ipv6_cidr_blocks": [],
                "prefix_list_ids": [],
                "protocol": "-1",
                "security_groups": [],
                "self": false,
                "to_port": 0
              }
            ],
            "id": "sg-01e35f03bc5b0fde4",
            "ingress": [
              {
                "cidr_blocks": [
                  "10.218.0.0/16"
                ],
                "description": "AnyConnect VPN",
                "from_port": 5432,
                "ipv6_cidr_blocks": [],
                "prefix_list_ids": [],
                "protocol": "tcp",
                "security_groups": [],
                "self": false,
                "to_port": 5432
              },
              {
                "cidr_blocks": [
                  "10.251.21.90/32",
                  "10.251.21.14/32"
                ],
                "description": "Machine learning Prod Server",
                "from_port": 5432,
                "ipv6_cidr_blocks": [],
                "prefix_list_ids": [],
                "protocol": "tcp",
                "security_groups": [],
                "self": false,
                "to_port": 5432
              },
              {
                "cidr_blocks": [
                  "10.251.36.99/32"
                ],
                "description": "Machine learning dev - INC43497004 server",
                "from_port": 5432,
                "ipv6_cidr_blocks": [],
                "prefix_list_ids": [],
                "protocol": "tcp",
                "security_groups": [],
                "self": false,
                "to_port": 5432
              }
            ],
            "name": "machine-learning-dev123",
            "name_prefix": "",
            "owner_id": "995437807815",
            "revoke_rules_on_delete": false,
            "tags": {
              "IAC_Tool": "Terraform",
              "Incident": "N/A",
              "Name": "Machine Learning"
            },
            "tags_all": {
              "Created": "2023-02-04 11:30:00",
              "CreatedBy": "Terraform",
              "Environment": "Sandbox",
              "IAC_Tool": "Terraform",
              "Incident": "N/A",
              "Name": "Machine Learning",
              "Owner": "Paul Tams"
            },
            "timeouts": null,
            "vpc_id": "vpc-87e65ae0"
          },
          "sensitive_attributes": [],
          "private": "eyJlMmJmYjczMC1lY2FhLTExZTYtOGY4OC0zNDM2M2JjN2M0YzAiOnsiY3JlYXRlIjo2MDAwMDAwMDAwMDAsImRlbGV0ZSI6OTAwMDAwMDAwMDAwfSwic2NoZW1hX3ZlcnNpb24iOiIxIn0="
        }
      ]
    }
  ],
  "check_results": null
}
